github.com/alhaqz/dog v0.0.0-20230819001237-5c3fed420e26 h1:uA4eIzRUIzn2NoVq+2i85N/S/z8M4WSRU4XdM9n614k=
github.com/alhaqz/dog v0.0.0-20230819001237-5c3fed420e26/go.mod h1:cmr/vpOPbCx6CNfkctE4DH6+MmXAtqeuMd6AapOi/eg=
github.com/alhaqz/puppy v0.0.0-20230818232857-72b14f13e3e7 h1:wU9n5Dgz0M/WvEDu4qOkmW2gJBtjqs0Ek79Ok5TQ9Dg=
github.com/alhaqz/puppy v0.0.0-20230818232857-72b14f13e3e7/go.mod h1:T/DytiuX31JfKHJ+jjylUnuM/HlgpBDL0SU1grMbtz4=
github.com/alhaqz/puppy v0.0.0-20230819001517-2e7ebeba621f h1:t3l4HZooS3cp0JWXYIXC/S33UgOdj7K+SmICdtY5vCQ=
github.com/alhaqz/puppy v0.0.0-20230819001517-2e7ebeba621f/go.mod h1:qHiIYiZ0wVYzZtKcWBUm8+bKFZZ54/9xAtdiaCtFgnU=
